{
  "name": "liquidjs-shopify-plugins",
  "version": "0.0.1",
  "lockfileVersion": 1,
  "requires": true,
  "dependencies": {
    "liquidjs": {
      "version": "9.4.2",
      "resolved": "https://registry.npmjs.org/liquidjs/-/liquidjs-9.4.2.tgz",
      "integrity": "sha512-tYCZ6+4lmFI6jf4dLvMapfuSHHX8KgkENBZVsf+h94FKN/8I+NovjXa/QGyjWdsmwjy+2fwCJYtbG+iCpTjTBg=="
    },
    "object-path": {
      "version": "0.11.4",
      "resolved": "https://registry.npmjs.org/object-path/-/object-path-0.11.4.tgz",
      "integrity": "sha1-NwrnUvvzfePqcKhhwju6iRVpGUk="
    }
  }
}
