{
  "name": "liquidjs-shopify-plugins",
  "version": "0.0.1",
  "lockfileVersion": 1,
  "requires": true,
  "dependencies": {
    "liquidjs": {
      "version": "10.0.0",
      "resolved": "https://registry.npmjs.org/liquidjs/-/liquidjs-10.0.0.tgz",
      "integrity": "sha512-uY3fKqBSRmnat0wB5qWk0W5N5iT78OUhuIXNRiMfhYQ3p35al9mEWKQ68/Z+WD54V2upaxEM8nHaZ6o1B8WCMA=="
    },
    "object-path": {
      "version": "0.11.4",
      "resolved": "https://registry.npmjs.org/object-path/-/object-path-0.11.4.tgz",
      "integrity": "sha1-NwrnUvvzfePqcKhhwju6iRVpGUk="
    }
  }
}
